{"1.1.0",
[{<<"bear">>,
  {git,"git://github.com/boundary/bear.git",
       {ref,"119234548783af19b8ec75c879c5062676b92571"}},
  2},
 {<<"edown">>,
  {git,"https://github.com/uwiger/edown.git",
       {ref,"754be25f71a04099c83f3ffdff268e70beeb0021"}},
  0},
 {<<"exometer_core">>,
  {git,"https://github.com/Feuerlabs/exometer_core.git",
       {ref,"c4afd6d095c8eef7c5447133a033b9165f53da02"}},
  0},
 {<<"folsom">>,
  {git,"git://github.com/folsom-project/folsom",
       {ref,"38e2cce7c64ce1f0a3a918d90394cfc0a940b1ba"}},
  1},
 {<<"goldrush">>,{pkg,<<"goldrush">>,<<"0.1.9">>},1},
 {<<"hut">>,
  {git,"git://github.com/tolbrino/hut.git",
       {ref,"025540398478ab6f95932c3234382ac5bb21ad3e"}},
  1},
 {<<"lager">>,
  {git,"https://github.com/erlang-lager/lager.git",
       {ref,"c3970a99131c7c73de7eba3c2a569806fe47e40a"}},
  0},
 {<<"meck">>,
  {git,"git://github.com/eproxus/meck",
       {ref,"dde759050eff19a1a80fd854d7375174b191665d"}},
  2},
 {<<"parse_trans">>,
  {git,"git://github.com/uwiger/parse_trans.git",
       {ref,"a210adafdfbb904d156d8f22abd5fb58fc17de1e"}},
  1},
 {<<"setup">>,
  {git,"git://github.com/uwiger/setup.git",
       {ref,"76124131ac11bdb0112fb47a244784e152531dad"}},
  1}]}.
[
{pkg_hash,[
 {<<"goldrush">>, <<"F06E5D5F1277DA5C413E84D5A2924174182FB108DABB39D5EC548B27424CD106">>}]}
].
